
Microsoft Visual Studio Solution File, Format Version 12.00
# Visual Studio Version 17
VisualStudioVersion = 17.4.33213.308
MinimumVisualStudioVersion = 10.0.40219.1
Project("{FAE04EC0-301F-11D3-BF4B-00C04F79EFBC}") = "DotNetCoreApi", "DotNetCoreApi.csproj", "{5191F4AC-D670-4166-84C1-C92767D06BAA}"
EndProject
Global
	GlobalSection(SolutionConfigurationPlatforms) = preSolution
		Debug|Any CPU = Debug|Any CPU
		Release|Any CPU = Release|Any CPU
	EndGlobalSection
	GlobalSection(ProjectConfigurationPlatforms) = postSolution
		{5191F4AC-D670-4166-84C1-C92767D06BAA}.Debug|Any CPU.ActiveCfg = Debug|Any CPU
		{5191F4AC-D670-4166-84C1-C92767D06BAA}.Debug|Any CPU.Build.0 = Debug|Any CPU
		{5191F4AC-D670-4166-84C1-C92767D06BAA}.Release|Any CPU.ActiveCfg = Release|Any CPU
		{5191F4AC-D670-4166-84C1-C92767D06BAA}.Release|Any CPU.Build.0 = Release|Any CPU
	EndGlobalSection
	GlobalSection(SolutionProperties) = preSolution
		HideSolutionNode = FALSE
	EndGlobalSection
	GlobalSection(ExtensibilityGlobals) = postSolution
		SolutionGuid = {9FCD5787-D63D-4206-B481-18CB21A3F69C}
	EndGlobalSection
EndGlobal
